// !$*UTF8*$!
{
	archiveVersion = 1;
	classes = {
	};
	objectVersion = 46;
	objects = {

/* Begin PBXBuildFile section */
		176C2CB0205AF429003360EF /* AppDelegate.swift in Sources */ = {isa = PBXBuildFile; fileRef = 176C2CAF205AF429003360EF /* AppDelegate.swift */; };
		176C2CB2205AF429003360EF /* ViewController.swift in Sources */ = {isa = PBXBuildFile; fileRef = 176C2CB1205AF429003360EF /* ViewController.swift */; };
		176C2CB5205AF429003360EF /* Main.storyboard in Resources */ = {isa = PBXBuildFile; fileRef = 176C2CB3205AF429003360EF /* Main.storyboard */; };
		176C2CB7205AF429003360EF /* Assets.xcassets in Resources */ = {isa = PBXBuildFile; fileRef = 176C2CB6205AF429003360EF /* Assets.xcassets */; };
		176C2CBA205AF429003360EF /* LaunchScreen.storyboard in Resources */ = {isa = PBXBuildFile; fileRef = 176C2CB8205AF429003360EF /* LaunchScreen.storyboard */; };
		176C2CC5205AF429003360EF /* flixxerTests.swift in Sources */ = {isa = PBXBuildFile; fileRef = 176C2CC4205AF429003360EF /* flixxerTests.swift */; };
		176C2CD0205AF429003360EF /* flixxerUITests.swift in Sources */ = {isa = PBXBuildFile; fileRef = 176C2CCF205AF429003360EF /* flixxerUITests.swift */; };
/* End PBXBuildFile section */

/* Begin PBXContainerItemProxy section */
		176C2CC1205AF429003360EF /* PBXContainerItemProxy */ = {
			isa = PBXContainerItemProxy;
			containerPortal = 176C2CA4205AF429003360EF /* Project object */;
			proxyType = 1;
			remoteGlobalIDString = 176C2CAB205AF429003360EF;
			remoteInfo = flixxer;
		};
		176C2CCC205AF429003360EF /* PBXContainerItemProxy */ = {
			isa = PBXContainerItemProxy;
			containerPortal = 176C2CA4205AF429003360EF /* Project object */;
			proxyType = 1;
			remoteGlobalIDString = 176C2CAB205AF429003360EF;
			remoteInfo = flixxer;
		};
/* End PBXContainerItemProxy section */

/* Begin PBXFileReference section */
		176C2CAC205AF429003360EF /* flixxer.app */ = {isa = PBXFileReference; explicitFileType = wrapper.application; includeInIndex = 0; path = flixxer.app; sourceTree = BUILT_PRODUCTS_DIR; };
		176C2CAF205AF429003360EF /* AppDelegate.swift */ = {isa = PBXFileReference; lastKnownFileType = sourcecode.swift; path = AppDelegate.swift; sourceTree = "<group>"; };
		176C2CB1205AF429003360EF /* ViewController.swift */ = {isa = PBXFileReference; lastKnownFileType = sourcecode.swift; path = ViewController.swift; sourceTree = "<group>"; };
		176C2CB4205AF429003360EF /* Base */ = {isa = PBXFileReference; lastKnownFileType = file.storyboard; name = Base; path = Base.lproj/Main.storyboard; sourceTree = "<group>"; };
		176C2CB6205AF429003360EF /* Assets.xcassets */ = {isa = PBXFileReference; lastKnownFileType = folder.assetcatalog; path = Assets.xcassets; sourceTree = "<group>"; };
		176C2CB9205AF429003360EF /* Base */ = {isa = PBXFileReference; lastKnownFileType = file.storyboard; name = Base; path = Base.lproj/LaunchScreen.storyboard; sourceTree = "<group>"; };
		176C2CBB205AF429003360EF /* Info.plist */ = {isa = PBXFileReference; lastKnownFileType = text.plist.xml; path = Info.plist; sourceTree = "<group>"; };
		176C2CC0205AF429003360EF /* flixxerTests.xctest */ = {isa = PBXFileReference; explicitFileType = wrapper.cfbundle; includeInIndex = 0; path = flixxerTests.xctest; sourceTree = BUILT_PRODUCTS_DIR; };
		176C2CC4205AF429003360EF /* flixxerTests.swift */ = {isa = PBXFileReference; lastKnownFileType = sourcecode.swift; path = flixxerTests.swift; sourceTree = "<group>"; };
		176C2CC6205AF429003360EF /* Info.plist */ = {isa = PBXFileReference; lastKnownFileType = text.plist.xml; path = Info.plist; sourceTree = "<group>"; };
		176C2CCB205AF429003360EF /* flixxerUITests.xctest */ = {isa = PBXFileReference; explicitFileType = wrapper.cfbundle; includeInIndex = 0; path = flixxerUITests.xctest; sourceTree = BUILT_PRODUCTS_DIR; };
		176C2CCF205AF429003360EF /* flixxerUITests.swift */ = {isa = PBXFileReference; lastKnownFileType = sourcecode.swift; path = flixxerUITests.swift; sourceTree = "<group>"; };
		176C2CD1205AF429003360EF /* Info.plist */ = {isa = PBXFileReference; lastKnownFileType = text.plist.xml; path = Info.plist; sourceTree = "<group>"; };
/* End PBXFileReference section */

/* Begin PBXFrameworksBuildPhase section */
		176C2CA9205AF429003360EF /* Frameworks */ = {
			isa = PBXFrameworksBuildPhase;
			buildActionMask = 2147483647;
			files = (
			);
			runOnlyForDeploymentPostprocessing = 0;
		};
		176C2CBD205AF429003360EF /* Frameworks */ = {
			isa = PBXFrameworksBuildPhase;
			buildActionMask = 2147483647;
			files = (
			);
			runOnlyForDeploymentPostprocessing = 0;
		};
		176C2CC8205AF429003360EF /* Frameworks */ = {
			isa = PBXFrameworksBuildPhase;
			buildActionMask = 2147483647;
			files = (
			);
			runOnlyForDeploymentPostprocessing = 0;
		};
/* End PBXFrameworksBuildPhase section */

/* Begin PBXGroup section */
		176C2CA3205AF429003360EF = {
			isa = PBXGroup;
			children = (
				176C2CAE205AF429003360EF /* flixxer */,
				176C2CC3205AF429003360EF /* flixxerTests */,
				176C2CCE205AF429003360EF /* flixxerUITests */,
				176C2CAD205AF429003360EF /* Products */,
			);
			sourceTree = "<group>";
		};
		176C2CAD205AF429003360EF /* Products */ = {
			isa = PBXGroup;
			children = (
				176C2CAC205AF429003360EF /* flixxer.app */,
				176C2CC0205AF429003360EF /* flixxerTests.xctest */,
				176C2CCB205AF429003360EF /* flixxerUITests.xctest */,
			);
			name = Products;
			sourceTree = "<group>";
		};
		176C2CAE205AF429003360EF /* flixxer */ = {
			isa = PBXGroup;
			children = (
				176C2CAF205AF429003360EF /* AppDelegate.swift */,
				176C2CB1205AF429003360EF /* ViewController.swift */,
				176C2CB3205AF429003360EF /* Main.storyboard */,
				176C2CB6205AF429003360EF /* Assets.xcassets */,
				176C2CB8205AF429003360EF /* LaunchScreen.storyboard */,
				176C2CBB205AF429003360EF /* Info.plist */,
			);
			path = flixxer;
			sourceTree = "<group>";
		};
		176C2CC3205AF429003360EF /* flixxerTests */ = {
			isa = PBXGroup;
			children = (
				176C2CC4205AF429003360EF /* flixxerTests.swift */,
				176C2CC6205AF429003360EF /* Info.plist */,
			);
			path = flixxerTests;
			sourceTree = "<group>";
		};
		176C2CCE205AF429003360EF /* flixxerUITests */ = {
			isa = PBXGroup;
			children = (
				176C2CCF205AF429003360EF /* flixxerUITests.swift */,
				176C2CD1205AF429003360EF /* Info.plist */,
			);
			path = flixxerUITests;
			sourceTree = "<group>";
		};
/* End PBXGroup section */

/* Begin PBXNativeTarget section */
		176C2CAB205AF429003360EF /* flixxer */ = {
			isa = PBXNativeTarget;
			buildConfigurationList = 176C2CD4205AF429003360EF /* Build configuration list for PBXNativeTarget "flixxer" */;
			buildPhases = (
				176C2CA8205AF429003360EF /* Sources */,
				176C2CA9205AF429003360EF /* Frameworks */,
				176C2CAA205AF429003360EF /* Resources */,
			);
			buildRules = (
			);
			dependencies = (
			);
			name = flixxer;
			productName = flixxer;
			productReference = 176C2CAC205AF429003360EF /* flixxer.app */;
			productType = "com.apple.product-type.application";
		};
		176C2CBF205AF429003360EF /* flixxerTests */ = {
			isa = PBXNativeTarget;
			buildConfigurationList = 176C2CD7205AF429003360EF /* Build configuration list for PBXNativeTarget "flixxerTests" */;
			buildPhases = (
				176C2CBC205AF429003360EF /* Sources */,
				176C2CBD205AF429003360EF /* Frameworks */,
				176C2CBE205AF429003360EF /* Resources */,
			);
			buildRules = (
			);
			dependencies = (
				176C2CC2205AF429003360EF /* PBXTargetDependency */,
			);
			name = flixxerTests;
			productName = flixxerTests;
			productReference = 176C2CC0205AF429003360EF /* flixxerTests.xctest */;
			productType = "com.apple.product-type.bundle.unit-test";
		};
		176C2CCA205AF429003360EF /* flixxerUITests */ = {
			isa = PBXNativeTarget;
			buildConfigurationList = 176C2CDA205AF429003360EF /* Build configuration list for PBXNativeTarget "flixxerUITests" */;
			buildPhases = (
				176C2CC7205AF429003360EF /* Sources */,
				176C2CC8205AF429003360EF /* Frameworks */,
				176C2CC9205AF429003360EF /* Resources */,
			);
			buildRules = (
			);
			dependencies = (
				176C2CCD205AF429003360EF /* PBXTargetDependency */,
			);
			name = flixxerUITests;
			productName = flixxerUITests;
			productReference = 176C2CCB205AF429003360EF /* flixxerUITests.xctest */;
			productType = "com.apple.product-type.bundle.ui-testing";
		};
/* End PBXNativeTarget section */

/* Begin PBXProject section */
		176C2CA4205AF429003360EF /* Project object */ = {
			isa = PBXProject;
			attributes = {
				LastSwiftUpdateCheck = 0830;
				LastUpgradeCheck = 0830;
				ORGANIZATIONNAME = MMI;
				TargetAttributes = {
					176C2CAB205AF429003360EF = {
						CreatedOnToolsVersion = 8.3.3;
						ProvisioningStyle = Automatic;
					};
					176C2CBF205AF429003360EF = {
						CreatedOnToolsVersion = 8.3.3;
						ProvisioningStyle = Automatic;
						TestTargetID = 176C2CAB205AF429003360EF;
					};
					176C2CCA205AF429003360EF = {
						CreatedOnToolsVersion = 8.3.3;
						ProvisioningStyle = Automatic;
						TestTargetID = 176C2CAB205AF429003360EF;
					};
				};
			};
			buildConfigurationList = 176C2CA7205AF429003360EF /* Build configuration list for PBXProject "flixxer" */;
			compatibilityVersion = "Xcode 3.2";
			developmentRegion = English;
			hasScannedForEncodings = 0;
			knownRegions = (
				en,
				Base,
			);
			mainGroup = 176C2CA3205AF429003360EF;
			productRefGroup = 176C2CAD205AF429003360EF /* Products */;
			projectDirPath = "";
			projectRoot = "";
			targets = (
				176C2CAB205AF429003360EF /* flixxer */,
				176C2CBF205AF429003360EF /* flixxerTests */,
				176C2CCA205AF429003360EF /* flixxerUITests */,
			);
		};
/* End PBXProject section */

/* Begin PBXResourcesBuildPhase section */
		176C2CAA205AF429003360EF /* Resources */ = {
			isa = PBXResourcesBuildPhase;
			buildActionMask = 2147483647;
			files = (
				176C2CBA205AF429003360EF /* LaunchScreen.storyboard in Resources */,
				176C2CB7205AF429003360EF /* Assets.xcassets in Resources */,
				176C2CB5205AF429003360EF /* Main.storyboard in Resources */,
			);
			runOnlyForDeploymentPostprocessing = 0;
		};
		176C2CBE205AF429003360EF /* Resources */ = {
			isa = PBXResourcesBuildPhase;
			buildActionMask = 2147483647;
			files = (
			);
			runOnlyForDeploymentPostprocessing = 0;
		};
		176C2CC9205AF429003360EF /* Resources */ = {
			isa = PBXResourcesBuildPhase;
			buildActionMask = 2147483647;
			files = (
			);
			runOnlyForDeploymentPostprocessing = 0;
		};
/* End PBXResourcesBuildPhase section */

/* Begin PBXSourcesBuildPhase section */
		176C2CA8205AF429003360EF /* Sources */ = {
			isa = PBXSourcesBuildPhase;
			buildActionMask = 2147483647;
			files = (
				176C2CB2205AF429003360EF /* ViewController.swift in Sources */,
				176C2CB0205AF429003360EF /* AppDelegate.swift in Sources */,
			);
			runOnlyForDeploymentPostprocessing = 0;
		};
		176C2CBC205AF429003360EF /* Sources */ = {
			isa = PBXSourcesBuildPhase;
			buildActionMask = 2147483647;
			files = (
				176C2CC5205AF429003360EF /* flixxerTests.swift in Sources */,
			);
			runOnlyForDeploymentPostprocessing = 0;
		};
		176C2CC7205AF429003360EF /* Sources */ = {
			isa = PBXSourcesBuildPhase;
			buildActionMask = 2147483647;
			files = (
				176C2CD0205AF429003360EF /* flixxerUITests.swift in Sources */,
			);
			runOnlyForDeploymentPostprocessing = 0;
		};
/* End PBXSourcesBuildPhase section */

/* Begin PBXTargetDependency section */
		176C2CC2205AF429003360EF /* PBXTargetDependency */ = {
			isa = PBXTargetDependency;
			target = 176C2CAB205AF429003360EF /* flixxer */;
			targetProxy = 176C2CC1205AF429003360EF /* PBXContainerItemProxy */;
		};
		176C2CCD205AF429003360EF /* PBXTargetDependency */ = {
			isa = PBXTargetDependency;
			target = 176C2CAB205AF429003360EF /* flixxer */;
			targetProxy = 176C2CCC205AF429003360EF /* PBXContainerItemProxy */;
		};
/* End PBXTargetDependency section */

/* Begin PBXVariantGroup section */
		176C2CB3205AF429003360EF /* Main.storyboard */ = {
			isa = PBXVariantGroup;
			children = (
				176C2CB4205AF429003360EF /* Base */,
			);
			name = Main.storyboard;
			sourceTree = "<group>";
		};
		176C2CB8205AF429003360EF /* LaunchScreen.storyboard */ = {
			isa = PBXVariantGroup;
			children = (
				176C2CB9205AF429003360EF /* Base */,
			);
			name = LaunchScreen.storyboard;
			sourceTree = "<group>";
		};
/* End PBXVariantGroup section */

/* Begin XCBuildConfiguration section */
		176C2CD2205AF429003360EF /* Debug */ = {
			isa = XCBuildConfiguration;
			buildSettings = {
				ALWAYS_SEARCH_USER_PATHS = NO;
				CLANG_ANALYZER_NONNULL = YES;
				CLANG_ANALYZER_NUMBER_OBJECT_CONVERSION = YES_AGGRESSIVE;
				CLANG_CXX_LANGUAGE_STANDARD = "gnu++0x";
				CLANG_CXX_LIBRARY = "libc++";
				CLANG_ENABLE_MODULES = YES;
				CLANG_ENABLE_OBJC_ARC = YES;
				CLANG_WARN_BOOL_CONVERSION = YES;
				CLANG_WARN_CONSTANT_CONVERSION = YES;
				CLANG_WARN_DIRECT_OBJC_ISA_USAGE = YES_ERROR;
				CLANG_WARN_DOCUMENTATION_COMMENTS = YES;
				CLANG_WARN_EMPTY_BODY = YES;
				CLANG_WARN_ENUM_CONVERSION = YES;
				CLANG_WARN_INFINITE_RECURSION = YES;
				CLANG_WARN_INT_CONVERSION = YES;
				CLANG_WARN_OBJC_ROOT_CLASS = YES_ERROR;
				CLANG_WARN_SUSPICIOUS_MOVE = YES;
				CLANG_WARN_UNREACHABLE_CODE = YES;
				CLANG_WARN__DUPLICATE_METHOD_MATCH = YES;
				"CODE_SIGN_IDENTITY[sdk=iphoneos*]" = "iPhone Developer";
				COPY_PHASE_STRIP = NO;
				DEBUG_INFORMATION_FORMAT = dwarf;
				ENABLE_STRICT_OBJC_MSGSEND = YES;
				ENABLE_TESTABILITY = YES;
				GCC_C_LANGUAGE_STANDARD = gnu99;
				GCC_DYNAMIC_NO_PIC = NO;
				GCC_NO_COMMON_BLOCKS = YES;
				GCC_OPTIMIZATION_LEVEL = 0;
				GCC_PREPROCESSOR_DEFINITIONS = (
					"DEBUG=1",
					"$(inherited)",
				);
				GCC_WARN_64_TO_32_BIT_CONVERSION = YES;
				GCC_WARN_ABOUT_RETURN_TYPE = YES_ERROR;
				GCC_WARN_UNDECLARED_SELECTOR = YES;
				GCC_WARN_UNINITIALIZED_AUTOS = YES_AGGRESSIVE;
				GCC_WARN_UNUSED_FUNCTION = YES;
				GCC_WARN_UNUSED_VARIABLE = YES;
				IPHONEOS_DEPLOYMENT_TARGET = 10.3;
				MTL_ENABLE_DEBUG_INFO = YES;
				ONLY_ACTIVE_ARCH = YES;
				SDKROOT = iphoneos;
				SWIFT_ACTIVE_COMPILATION_CONDITIONS = DEBUG;
				SWIFT_OPTIMIZATION_LEVEL = "-Onone";
			};
			name = Debug;
		};
		176C2CD3205AF429003360EF /* Release */ = {
			isa = XCBuildConfiguration;
			buildSettings = {
				ALWAYS_SEARCH_USER_PATHS = NO;
				CLANG_ANALYZER_NONNULL = YES;
				CLANG_ANALYZER_NUMBER_OBJECT_CONVERSION = YES_AGGRESSIVE;
				CLANG_CXX_LANGUAGE_STANDARD = "gnu++0x";
				CLANG_CXX_LIBRARY = "libc++";
				CLANG_ENABLE_MODULES = YES;
				CLANG_ENABLE_OBJC_ARC = YES;
				CLANG_WARN_BOOL_CONVERSION = YES;
				CLANG_WARN_CONSTANT_CONVERSION = YES;
				CLANG_WARN_DIRECT_OBJC_ISA_USAGE = YES_ERROR;
				CLANG_WARN_DOCUMENTATION_COMMENTS = YES;
				CLANG_WARN_EMPTY_BODY = YES;
				CLANG_WARN_ENUM_CONVERSION = YES;
				CLANG_WARN_INFINITE_RECURSION = YES;
				CLANG_WARN_INT_CONVERSION = YES;
				CLANG_WARN_OBJC_ROOT_CLASS = YES_ERROR;
				CLANG_WARN_SUSPICIOUS_MOVE = YES;
				CLANG_WARN_UNREACHABLE_CODE = YES;
				CLANG_WARN__DUPLICATE_METHOD_MATCH = YES;
				"CODE_SIGN_IDENTITY[sdk=iphoneos*]" = "iPhone Developer";
				COPY_PHASE_STRIP = NO;
				DEBUG_INFORMATION_FORMAT = "dwarf-with-dsym";
				ENABLE_NS_ASSERTIONS = NO;
				ENABLE_STRICT_OBJC_MSGSEND = YES;
				GCC_C_LANGUAGE_STANDARD = gnu99;
				GCC_NO_COMMON_BLOCKS = YES;
				GCC_WARN_64_TO_32_BIT_CONVERSION = YES;
				GCC_WARN_ABOUT_RETURN_TYPE = YES_ERROR;
				GCC_WARN_UNDECLARED_SELECTOR = YES;
				GCC_WARN_UNINITIALIZED_AUTOS = YES_AGGRESSIVE;
				GCC_WARN_UNUSED_FUNCTION = YES;
				GCC_WARN_UNUSED_VARIABLE = YES;
				IPHONEOS_DEPLOYMENT_TARGET = 10.3;
				MTL_ENABLE_DEBUG_INFO = NO;
				SDKROOT = iphoneos;
				SWIFT_OPTIMIZATION_LEVEL = "-Owholemodule";
				VALIDATE_PRODUCT = YES;
			};
			name = Release;
		};
		176C2CD5205AF429003360EF /* Debug */ = {
			isa = XCBuildConfiguration;
			buildSettings = {
				ASSETCATALOG_COMPILER_APPICON_NAME = AppIcon;
				INFOPLIST_FILE = flixxer/Info.plist;
				LD_RUNPATH_SEARCH_PATHS = "$(inherited) @executable_path/Frameworks";
				PRODUCT_BUNDLE_IDENTIFIER = AppDev.flixxer;
				PRODUCT_NAME = "$(TARGET_NAME)";
				SWIFT_VERSION = 3.0;
			};
			name = Debug;
		};
		176C2CD6205AF429003360EF /* Release */ = {
			isa = XCBuildConfiguration;
			buildSettings = {
				ASSETCATALOG_COMPILER_APPICON_NAME = AppIcon;
				INFOPLIST_FILE = flixxer/Info.plist;
				LD_RUNPATH_SEARCH_PATHS = "$(inherited) @executable_path/Frameworks";
				PRODUCT_BUNDLE_IDENTIFIER = AppDev.flixxer;
				PRODUCT_NAME = "$(TARGET_NAME)";
				SWIFT_VERSION = 3.0;
			};
			name = Release;
		};
		176C2CD8205AF429003360EF /* Debug */ = {
			isa = XCBuildConfiguration;
			buildSettings = {
				ALWAYS_EMBED_SWIFT_STANDARD_LIBRARIES = YES;
				BUNDLE_LOADER = "$(TEST_HOST)";
				INFOPLIST_FILE = flixxerTests/Info.plist;
				LD_RUNPATH_SEARCH_PATHS = "$(inherited) @executable_path/Frameworks @loader_path/Frameworks";
				PRODUCT_BUNDLE_IDENTIFIER = AppDev.flixxerTests;
				PRODUCT_NAME = "$(TARGET_NAME)";
				SWIFT_VERSION = 3.0;
				TEST_HOST = "$(BUILT_PRODUCTS_DIR)/flixxer.app/flixxer";
			};
			name = Debug;
		};
		176C2CD9205AF429003360EF /* Release */ = {
			isa = XCBuildConfiguration;
			buildSettings = {
				ALWAYS_EMBED_SWIFT_STANDARD_LIBRARIES = YES;
				BUNDLE_LOADER = "$(TEST_HOST)";
				INFOPLIST_FILE = flixxerTests/Info.plist;
				LD_RUNPATH_SEARCH_PATHS = "$(inherited) @executable_path/Frameworks @loader_path/Frameworks";
				PRODUCT_BUNDLE_IDENTIFIER = AppDev.flixxerTests;
				PRODUCT_NAME = "$(TARGET_NAME)";
				SWIFT_VERSION = 3.0;
				TEST_HOST = "$(BUILT_PRODUCTS_DIR)/flixxer.app/flixxer";
			};
			name = Release;
		};
		176C2CDB205AF429003360EF /* Debug */ = {
			isa = XCBuildConfiguration;
			buildSettings = {
				ALWAYS_EMBED_SWIFT_STANDARD_LIBRARIES = YES;
				INFOPLIST_FILE = flixxerUITests/Info.plist;
				LD_RUNPATH_SEARCH_PATHS = "$(inherited) @executable_path/Frameworks @loader_path/Frameworks";
				PRODUCT_BUNDLE_IDENTIFIER = AppDev.flixxerUITests;
				PRODUCT_NAME = "$(TARGET_NAME)";
				SWIFT_VERSION = 3.0;
				TEST_TARGET_NAME = flixxer;
			};
			name = Debug;
		};
		176C2CDC205AF429003360EF /* Release */ = {
			isa = XCBuildConfiguration;
			buildSettings = {
				ALWAYS_EMBED_SWIFT_STANDARD_LIBRARIES = YES;
				INFOPLIST_FILE = flixxerUITests/Info.plist;
				LD_RUNPATH_SEARCH_PATHS = "$(inherited) @executable_path/Frameworks @loader_path/Frameworks";
				PRODUCT_BUNDLE_IDENTIFIER = AppDev.flixxerUITests;
				PRODUCT_NAME = "$(TARGET_NAME)";
				SWIFT_VERSION = 3.0;
				TEST_TARGET_NAME = flixxer;
			};
			name = Release;
		};
/* End XCBuildConfiguration section */

/* Begin XCConfigurationList section */
		176C2CA7205AF429003360EF /* Build configuration list for PBXProject "flixxer" */ = {
			isa = XCConfigurationList;
			buildConfigurations = (
				176C2CD2205AF429003360EF /* Debug */,
				176C2CD3205AF429003360EF /* Release */,
			);
			defaultConfigurationIsVisible = 0;
			defaultConfigurationName = Release;
		};
		176C2CD4205AF429003360EF /* Build configuration list for PBXNativeTarget "flixxer" */ = {
			isa = XCConfigurationList;
			buildConfigurations = (
				176C2CD5205AF429003360EF /* Debug */,
				176C2CD6205AF429003360EF /* Release */,
			);
			defaultConfigurationIsVisible = 0;
		};
		176C2CD7205AF429003360EF /* Build configuration list for PBXNativeTarget "flixxerTests" */ = {
			isa = XCConfigurationList;
			buildConfigurations = (
				176C2CD8205AF429003360EF /* Debug */,
				176C2CD9205AF429003360EF /* Release */,
			);
			defaultConfigurationIsVisible = 0;
		};
		176C2CDA205AF429003360EF /* Build configuration list for PBXNativeTarget "flixxerUITests" */ = {
			isa = XCConfigurationList;
			buildConfigurations = (
				176C2CDB205AF429003360EF /* Debug */,
				176C2CDC205AF429003360EF /* Release */,
			);
			defaultConfigurationIsVisible = 0;
		};
/* End XCConfigurationList section */
	};
	rootObject = 176C2CA4205AF429003360EF /* Project object */;
}
